
Microsoft Visual Studio Solution File, Format Version 12.00
# Visual Studio 15
VisualStudioVersion = 15.0.28307.2092
MinimumVisualStudioVersion = 10.0.40219.1
Project("{9A19103F-16F7-4668-BE54-9A1E7A4F7556}") = "SignalRProject", "SignalRDemoProject\SignalRProject.csproj", "{B611ACE5-371C-4F88-A60E-44E52066B235}"
EndProject
Global
	GlobalSection(SolutionConfigurationPlatforms) = preSolution
		Debug|Any CPU = Debug|Any CPU
		Release|Any CPU = Release|Any CPU
	EndGlobalSection
	GlobalSection(ProjectConfigurationPlatforms) = postSolution
		{B611ACE5-371C-4F88-A60E-44E52066B235}.Debug|Any CPU.ActiveCfg = Debug|Any CPU
		{B611ACE5-371C-4F88-A60E-44E52066B235}.Debug|Any CPU.Build.0 = Debug|Any CPU
		{B611ACE5-371C-4F88-A60E-44E52066B235}.Release|Any CPU.ActiveCfg = Release|Any CPU
		{B611ACE5-371C-4F88-A60E-44E52066B235}.Release|Any CPU.Build.0 = Release|Any CPU
	EndGlobalSection
	GlobalSection(SolutionProperties) = preSolution
		HideSolutionNode = FALSE
	EndGlobalSection
	GlobalSection(ExtensibilityGlobals) = postSolution
		SolutionGuid = {A21E5455-2FDD-4F77-AAC7-E8F9966B46E0}
	EndGlobalSection
EndGlobal
